
Microsoft Visual Studio Solution File, Format Version 12.00
# Visual Studio 15
VisualStudioVersion = 15.0.28307.572
MinimumVisualStudioVersion = 10.0.40219.1
Project("{9A19103F-16F7-4668-BE54-9A1E7A4F7556}") = "MobilePay", "MobilePay\MobilePay.csproj", "{A54F44A9-8254-4E3A-A211-941A959CF42B}"
EndProject
Project("{9A19103F-16F7-4668-BE54-9A1E7A4F7556}") = "MobilePay.Tests", "MobilePay.Tests\MobilePay.Tests.csproj", "{4255304B-A5EC-4066-A942-4CE55C4E4216}"
EndProject
Project("{2150E333-8FDC-42A3-9474-1A3956D46DE8}") = "Solution Items", "Solution Items", "{274EDFE2-A057-4EB8-ACC8-35C79A323786}"
	ProjectSection(SolutionItems) = preProject
		ReadMe.md = ReadMe.md
	EndProjectSection
EndProject
Global
	GlobalSection(SolutionConfigurationPlatforms) = preSolution
		Debug|Any CPU = Debug|Any CPU
		Release|Any CPU = Release|Any CPU
	EndGlobalSection
	GlobalSection(ProjectConfigurationPlatforms) = postSolution
		{A54F44A9-8254-4E3A-A211-941A959CF42B}.Debug|Any CPU.ActiveCfg = Debug|Any CPU
		{A54F44A9-8254-4E3A-A211-941A959CF42B}.Debug|Any CPU.Build.0 = Debug|Any CPU
		{A54F44A9-8254-4E3A-A211-941A959CF42B}.Release|Any CPU.ActiveCfg = Release|Any CPU
		{A54F44A9-8254-4E3A-A211-941A959CF42B}.Release|Any CPU.Build.0 = Release|Any CPU
		{4255304B-A5EC-4066-A942-4CE55C4E4216}.Debug|Any CPU.ActiveCfg = Debug|Any CPU
		{4255304B-A5EC-4066-A942-4CE55C4E4216}.Debug|Any CPU.Build.0 = Debug|Any CPU
		{4255304B-A5EC-4066-A942-4CE55C4E4216}.Release|Any CPU.ActiveCfg = Release|Any CPU
		{4255304B-A5EC-4066-A942-4CE55C4E4216}.Release|Any CPU.Build.0 = Release|Any CPU
	EndGlobalSection
	GlobalSection(SolutionProperties) = preSolution
		HideSolutionNode = FALSE
	EndGlobalSection
	GlobalSection(ExtensibilityGlobals) = postSolution
		SolutionGuid = {3C62E603-EC9F-4CBA-9EC4-1F4ACDDE1180}
	EndGlobalSection
EndGlobal
